
Microsoft Visual Studio Solution File, Format Version 12.00
# Visual Studio Version 16
VisualStudioVersion = 16.0.33927.289
MinimumVisualStudioVersion = 10.0.40219.1
Project("{2150E333-8FDC-42A3-9474-1A3956D46DE8}") = "Task2", "Task2", "{E1B6CC8D-0A6B-4EAE-8528-8867E7DC0880}"
EndProject
Project("{FAE04EC0-301F-11D3-BF4B-00C04F79EFBC}") = "Tyuiu.GalyameevMR.Sprint1.Task2.V21.Test", "Tyuiu.GalyameevMR.Sprint1.Task2.V21.Test\Tyuiu.GalyameevMR.Sprint1.Task2.V21.Test.csproj", "{84A9A439-6657-45F6-98A2-10619F0F3510}"
EndProject
Project("{FAE04EC0-301F-11D3-BF4B-00C04F79EFBC}") = "Tyuiu.GalyameevMR.Sprint1.Task2.V21", "Tyuiu.GalyameevMR.Sprint1.Task2.V21\Tyuiu.GalyameevMR.Sprint1.Task2.V21.csproj", "{13B4E402-51D4-4AFF-89BD-3A2873E76430}"
EndProject
Project("{FAE04EC0-301F-11D3-BF4B-00C04F79EFBC}") = "Tyuiu.GalyameevMR.Sprint1.Task2.V21.Lib", "Tyuiu.GalyameevMR.Sprint1.Task2.V21.Lib\Tyuiu.GalyameevMR.Sprint1.Task2.V21.Lib.csproj", "{10076251-F3EF-4BF3-9461-3B9BCD573CF7}"
EndProject
Project("{2150E333-8FDC-42A3-9474-1A3956D46DE8}") = "Task3", "Task3", "{695D06BB-B709-4B10-BB66-486C51BB5DD7}"
EndProject
Project("{FAE04EC0-301F-11D3-BF4B-00C04F79EFBC}") = "Tyuiu.GalyameevMR.Sprint1.Task3.V2", "Tyuiu.GalyameevMR.Sprint1.Task3.V2\Tyuiu.GalyameevMR.Sprint1.Task3.V2.csproj", "{3D02EA68-A439-4339-8CF7-94CF1F7DECE4}"
EndProject
Project("{FAE04EC0-301F-11D3-BF4B-00C04F79EFBC}") = "Tyuiu.GalyameevMR.Sprint1.Task3.V2.Lib", "Tyuiu.GalyameevMR.Sprint1.Task3.V2.Lib\Tyuiu.GalyameevMR.Sprint1.Task3.V2.Lib.csproj", "{BAE30ABA-7A7C-4F4C-89D9-1E5ED5BEE3BD}"
EndProject
Project("{FAE04EC0-301F-11D3-BF4B-00C04F79EFBC}") = "Tyuiu.GalyameevMR.Sprint1.Task3.V2.Test", "Tyuiu.GalyameevMR.Sprint1.Task3.V2.Test\Tyuiu.GalyameevMR.Sprint1.Task3.V2.Test.csproj", "{4C43AA85-9CCB-4FC1-881C-5571685C8244}"
EndProject
Project("{2150E333-8FDC-42A3-9474-1A3956D46DE8}") = "Task4", "Task4", "{FC030B07-5695-4447-BC43-AB469DFF0433}"
EndProject
Project("{FAE04EC0-301F-11D3-BF4B-00C04F79EFBC}") = "Tyuiu.GalyameevMR.Sprint1.Task4.V15.Test", "Tyuiu.GalyameevMR.Sprint1.Task4.V15.Test\Tyuiu.GalyameevMR.Sprint1.Task4.V15.Test.csproj", "{0DDCFFDB-8659-4EC9-ABB2-E9A2C590CEF2}"
EndProject
Project("{FAE04EC0-301F-11D3-BF4B-00C04F79EFBC}") = "Tyuiu.GalyameevMR.Sprint1.Task4.V15.Lib", "Tyuiu.GalyameevMR.Sprint1.Task4.V15.Lib\Tyuiu.GalyameevMR.Sprint1.Task4.V15.Lib.csproj", "{17F9E4E9-7547-441D-B21E-F3753ACD2F0D}"
EndProject
Project("{FAE04EC0-301F-11D3-BF4B-00C04F79EFBC}") = "Tyuiu.GalyameevMR.Sprint1.Task4.V15", "Tyuiu.GalyameevMR.Sprint1.Task4.V15\Tyuiu.GalyameevMR.Sprint1.Task4.V15.csproj", "{BBF95B41-6683-41B5-8A73-3057AA357E60}"
EndProject
Project("{2150E333-8FDC-42A3-9474-1A3956D46DE8}") = "Task5", "Task5", "{7140CFD2-72A2-4252-A7D8-7269B2ACB747}"
EndProject
Project("{FAE04EC0-301F-11D3-BF4B-00C04F79EFBC}") = "Tyuiu.GalyameevMR.Sprint1.Task5.V7", "Tyuiu.GalyameevMR.Sprint1.Task5.V7\Tyuiu.GalyameevMR.Sprint1.Task5.V7.csproj", "{BC3549EB-878A-45A8-BCC5-89FA1F67E64A}"
EndProject
Project("{FAE04EC0-301F-11D3-BF4B-00C04F79EFBC}") = "Tyuiu.GalyameevMR.Sprint1.Task5.V7.Lib", "Tyuiu.GalyameevMR.Sprint1.Task5.V7.Lib\Tyuiu.GalyameevMR.Sprint1.Task5.V7.Lib.csproj", "{F270C58B-9089-4DDA-9F1D-E97854CF5B54}"
EndProject
Project("{FAE04EC0-301F-11D3-BF4B-00C04F79EFBC}") = "Tyuiu.GalyameevMR.Sprint1.Task5.V7.Test", "Tyuiu.GalyameevMR.Sprint1.Task5.V7.Test\Tyuiu.GalyameevMR.Sprint1.Task5.V7.Test.csproj", "{D73D879E-760F-4247-A8D5-C7B78A587829}"
EndProject
Project("{2150E333-8FDC-42A3-9474-1A3956D46DE8}") = "Task6", "Task6", "{1BBCF8FB-795E-4DA6-8411-5BF359F2A356}"
EndProject
Project("{FAE04EC0-301F-11D3-BF4B-00C04F79EFBC}") = "Tyuiu.GalyameevMR.Sprint1.Task6.V12.Test", "Tyuiu.GalyameevMR.Sprint1.Task6.V12.Test\Tyuiu.GalyameevMR.Sprint1.Task6.V12.Test.csproj", "{2D510028-34E4-4695-ABF8-6AFB84C0E237}"
EndProject
Project("{FAE04EC0-301F-11D3-BF4B-00C04F79EFBC}") = "Tyuiu.GalyameevMR.Sprint1.Task6.V12.Lib", "Tyuiu.GalyameevMR.Sprint1.Task6.V12.Lib\Tyuiu.GalyameevMR.Sprint1.Task6.V12.Lib.csproj", "{6E515459-6237-4229-960A-AE2242C48080}"
EndProject
Project("{FAE04EC0-301F-11D3-BF4B-00C04F79EFBC}") = "Tyuiu.GalyameevMR.Sprint1.Task6.V12", "Tyuiu.GalyameevMR.Sprint1.Task6.V12\Tyuiu.GalyameevMR.Sprint1.Task6.V12.csproj", "{6E163BC2-86AD-4D45-8622-068C4C283EB1}"
EndProject
Project("{2150E333-8FDC-42A3-9474-1A3956D46DE8}") = "Task7", "Task7", "{C8D3D244-B76D-4B7B-8821-E612F087B1B9}"
EndProject
Project("{FAE04EC0-301F-11D3-BF4B-00C04F79EFBC}") = "Tyuiu.GalyameevMR.Sprint1.Task7.V10", "Tyuiu.GalyameevMR.Sprint1.Task7.V10\Tyuiu.GalyameevMR.Sprint1.Task7.V10.csproj", "{C7CDEBA6-EABC-4BEE-B8FE-FC1ABBA42443}"
EndProject
Project("{FAE04EC0-301F-11D3-BF4B-00C04F79EFBC}") = "Tyuiu.GalyameevMR.Sprint1.Task7.V10.Lib", "Tyuiu.GalyameevMR.Sprint1.Task7.V10.Lib\Tyuiu.GalyameevMR.Sprint1.Task7.V10.Lib.csproj", "{6C108FC3-D806-4E27-9687-BB1696E1D971}"
EndProject
Project("{FAE04EC0-301F-11D3-BF4B-00C04F79EFBC}") = "Tyuiu.GalyameevMR.Sprint1.Task7.V10.Test", "Tyuiu.GalyameevMR.Sprint1.Task7.V10.Test\Tyuiu.GalyameevMR.Sprint1.Task7.V10.Test.csproj", "{47132E86-A0DD-4A6A-B71E-BAA02DAEAEE2}"
EndProject
Project("{2150E333-8FDC-42A3-9474-1A3956D46DE8}") = "Review", "Review", "{7CDA95B2-C110-4E44-9E6B-8B5CAEFCE8C7}"
EndProject
Project("{FAE04EC0-301F-11D3-BF4B-00C04F79EFBC}") = "Tyuiu.GalyameevMR.Sprint1.TaskReview.V16.Test", "Tyuiu.GalyameevMR.Sprint1.TaskReview.V16.Test\Tyuiu.GalyameevMR.Sprint1.TaskReview.V16.Test.csproj", "{C90CA77E-9452-49CC-8339-83C8D9A93B0D}"
EndProject
Project("{FAE04EC0-301F-11D3-BF4B-00C04F79EFBC}") = "Tyuiu.GalyameevMR.Sprint1.TaskReview.V16.Lib", "Tyuiu.GalyameevMR.Sprint1.TaskReview.V16.Lib\Tyuiu.GalyameevMR.Sprint1.TaskReview.V16.Lib.csproj", "{2D836BC1-8833-46DD-8764-C28B47742A7B}"
EndProject
Project("{FAE04EC0-301F-11D3-BF4B-00C04F79EFBC}") = "Tyuiu.GalyameevMR.Sprint1.TaskReview.V16", "Tyuiu.GalyameevMR.Sprint1.TaskReview.V16\Tyuiu.GalyameevMR.Sprint1.TaskReview.V16.csproj", "{4701D436-B40B-4385-B14B-1757C6831138}"
EndProject
Project("{2150E333-8FDC-42A3-9474-1A3956D46DE8}") = "Task0", "Task0", "{E8739D47-A250-4A38-94F6-9B8040C87ACB}"
EndProject
Project("{FAE04EC0-301F-11D3-BF4B-00C04F79EFBC}") = "Tyuiu.GalyameevMR.Sprint1.Task0.V0", "Tyuiu.GalyameevMR.Sprint1.Task0.V0\Tyuiu.GalyameevMR.Sprint1.Task0.V0.csproj", "{BE753267-49BA-4B16-8875-152227453171}"
EndProject
Project("{FAE04EC0-301F-11D3-BF4B-00C04F79EFBC}") = "Tyuiu.GalyameevMR.Sprint1.Task0.V0.Lib", "Tyuiu.GalyameevMR.Sprint1.Task0.V0.Lib\Tyuiu.GalyameevMR.Sprint1.Task0.V0.Lib.csproj", "{99FDE5BF-1734-48E0-A8E9-60B8F3EB44F8}"
EndProject
Project("{FAE04EC0-301F-11D3-BF4B-00C04F79EFBC}") = "Tyuiu.GalyameevMR.Sprint1.Task0.V0.Test", "Tyuiu.GalyameevMR.Sprint1.Task0.V0.Test\Tyuiu.GalyameevMR.Sprint1.Task0.V0.Test.csproj", "{0C4CB2F3-1FDF-4C1D-85E3-8B8BF6A0CE60}"
EndProject
Project("{2150E333-8FDC-42A3-9474-1A3956D46DE8}") = "Task1", "Task1", "{A9084D36-469A-422A-8B93-CBF6D4BE515D}"
EndProject
Project("{FAE04EC0-301F-11D3-BF4B-00C04F79EFBC}") = "Tyuiu.GalyameevMR.Sprint1.Task1.V19", "Tyuiu.GalyameevMR.Sprint1.Task1.V19\Tyuiu.GalyameevMR.Sprint1.Task1.V19.csproj", "{FF667CA6-B081-472E-8BEC-7EC698101431}"
EndProject
Project("{FAE04EC0-301F-11D3-BF4B-00C04F79EFBC}") = "Tyuiu.GalyameevMR.Sprint1.Task1.V19.Lib", "Tyuiu.GalyameevMR.Sprint1.Task1.V19.Lib\Tyuiu.GalyameevMR.Sprint1.Task1.V19.Lib.csproj", "{B7774A47-73A5-4469-B669-EF383D6C8C71}"
EndProject
Project("{FAE04EC0-301F-11D3-BF4B-00C04F79EFBC}") = "Tyuiu.GalyameevMR.Sprint1.Task1.V19.Test", "Tyuiu.GalyameevMR.Sprint1.Task1.V19.Test\Tyuiu.GalyameevMR.Sprint1.Task1.V19.Test.csproj", "{2E4F35FC-260E-4062-864F-681485505878}"
EndProject
Global
	GlobalSection(SolutionConfigurationPlatforms) = preSolution
		Debug|Any CPU = Debug|Any CPU
		Release|Any CPU = Release|Any CPU
	EndGlobalSection
	GlobalSection(ProjectConfigurationPlatforms) = postSolution
		{84A9A439-6657-45F6-98A2-10619F0F3510}.Debug|Any CPU.ActiveCfg = Debug|Any CPU
		{84A9A439-6657-45F6-98A2-10619F0F3510}.Debug|Any CPU.Build.0 = Debug|Any CPU
		{84A9A439-6657-45F6-98A2-10619F0F3510}.Release|Any CPU.ActiveCfg = Release|Any CPU
		{84A9A439-6657-45F6-98A2-10619F0F3510}.Release|Any CPU.Build.0 = Release|Any CPU
		{13B4E402-51D4-4AFF-89BD-3A2873E76430}.Debug|Any CPU.ActiveCfg = Debug|Any CPU
		{13B4E402-51D4-4AFF-89BD-3A2873E76430}.Debug|Any CPU.Build.0 = Debug|Any CPU
		{13B4E402-51D4-4AFF-89BD-3A2873E76430}.Release|Any CPU.ActiveCfg = Release|Any CPU
		{13B4E402-51D4-4AFF-89BD-3A2873E76430}.Release|Any CPU.Build.0 = Release|Any CPU
		{10076251-F3EF-4BF3-9461-3B9BCD573CF7}.Debug|Any CPU.ActiveCfg = Debug|Any CPU
		{10076251-F3EF-4BF3-9461-3B9BCD573CF7}.Debug|Any CPU.Build.0 = Debug|Any CPU
		{10076251-F3EF-4BF3-9461-3B9BCD573CF7}.Release|Any CPU.ActiveCfg = Release|Any CPU
		{10076251-F3EF-4BF3-9461-3B9BCD573CF7}.Release|Any CPU.Build.0 = Release|Any CPU
		{3D02EA68-A439-4339-8CF7-94CF1F7DECE4}.Debug|Any CPU.ActiveCfg = Debug|Any CPU
		{3D02EA68-A439-4339-8CF7-94CF1F7DECE4}.Debug|Any CPU.Build.0 = Debug|Any CPU
		{3D02EA68-A439-4339-8CF7-94CF1F7DECE4}.Release|Any CPU.ActiveCfg = Release|Any CPU
		{3D02EA68-A439-4339-8CF7-94CF1F7DECE4}.Release|Any CPU.Build.0 = Release|Any CPU
		{BAE30ABA-7A7C-4F4C-89D9-1E5ED5BEE3BD}.Debug|Any CPU.ActiveCfg = Debug|Any CPU
		{BAE30ABA-7A7C-4F4C-89D9-1E5ED5BEE3BD}.Debug|Any CPU.Build.0 = Debug|Any CPU
		{BAE30ABA-7A7C-4F4C-89D9-1E5ED5BEE3BD}.Release|Any CPU.ActiveCfg = Release|Any CPU
		{BAE30ABA-7A7C-4F4C-89D9-1E5ED5BEE3BD}.Release|Any CPU.Build.0 = Release|Any CPU
		{4C43AA85-9CCB-4FC1-881C-5571685C8244}.Debug|Any CPU.ActiveCfg = Debug|Any CPU
		{4C43AA85-9CCB-4FC1-881C-5571685C8244}.Debug|Any CPU.Build.0 = Debug|Any CPU
		{4C43AA85-9CCB-4FC1-881C-5571685C8244}.Release|Any CPU.ActiveCfg = Release|Any CPU
		{4C43AA85-9CCB-4FC1-881C-5571685C8244}.Release|Any CPU.Build.0 = Release|Any CPU
		{0DDCFFDB-8659-4EC9-ABB2-E9A2C590CEF2}.Debug|Any CPU.ActiveCfg = Debug|Any CPU
		{0DDCFFDB-8659-4EC9-ABB2-E9A2C590CEF2}.Debug|Any CPU.Build.0 = Debug|Any CPU
		{0DDCFFDB-8659-4EC9-ABB2-E9A2C590CEF2}.Release|Any CPU.ActiveCfg = Release|Any CPU
		{0DDCFFDB-8659-4EC9-ABB2-E9A2C590CEF2}.Release|Any CPU.Build.0 = Release|Any CPU
		{17F9E4E9-7547-441D-B21E-F3753ACD2F0D}.Debug|Any CPU.ActiveCfg = Debug|Any CPU
		{17F9E4E9-7547-441D-B21E-F3753ACD2F0D}.Debug|Any CPU.Build.0 = Debug|Any CPU
		{17F9E4E9-7547-441D-B21E-F3753ACD2F0D}.Release|Any CPU.ActiveCfg = Release|Any CPU
		{17F9E4E9-7547-441D-B21E-F3753ACD2F0D}.Release|Any CPU.Build.0 = Release|Any CPU
		{BBF95B41-6683-41B5-8A73-3057AA357E60}.Debug|Any CPU.ActiveCfg = Debug|Any CPU
		{BBF95B41-6683-41B5-8A73-3057AA357E60}.Debug|Any CPU.Build.0 = Debug|Any CPU
		{BBF95B41-6683-41B5-8A73-3057AA357E60}.Release|Any CPU.ActiveCfg = Release|Any CPU
		{BBF95B41-6683-41B5-8A73-3057AA357E60}.Release|Any CPU.Build.0 = Release|Any CPU
		{BC3549EB-878A-45A8-BCC5-89FA1F67E64A}.Debug|Any CPU.ActiveCfg = Debug|Any CPU
		{BC3549EB-878A-45A8-BCC5-89FA1F67E64A}.Debug|Any CPU.Build.0 = Debug|Any CPU
		{BC3549EB-878A-45A8-BCC5-89FA1F67E64A}.Release|Any CPU.ActiveCfg = Release|Any CPU
		{BC3549EB-878A-45A8-BCC5-89FA1F67E64A}.Release|Any CPU.Build.0 = Release|Any CPU
		{F270C58B-9089-4DDA-9F1D-E97854CF5B54}.Debug|Any CPU.ActiveCfg = Debug|Any CPU
		{F270C58B-9089-4DDA-9F1D-E97854CF5B54}.Debug|Any CPU.Build.0 = Debug|Any CPU
		{F270C58B-9089-4DDA-9F1D-E97854CF5B54}.Release|Any CPU.ActiveCfg = Release|Any CPU
		{F270C58B-9089-4DDA-9F1D-E97854CF5B54}.Release|Any CPU.Build.0 = Release|Any CPU
		{D73D879E-760F-4247-A8D5-C7B78A587829}.Debug|Any CPU.ActiveCfg = Debug|Any CPU
		{D73D879E-760F-4247-A8D5-C7B78A587829}.Debug|Any CPU.Build.0 = Debug|Any CPU
		{D73D879E-760F-4247-A8D5-C7B78A587829}.Release|Any CPU.ActiveCfg = Release|Any CPU
		{D73D879E-760F-4247-A8D5-C7B78A587829}.Release|Any CPU.Build.0 = Release|Any CPU
		{2D510028-34E4-4695-ABF8-6AFB84C0E237}.Debug|Any CPU.ActiveCfg = Debug|Any CPU
		{2D510028-34E4-4695-ABF8-6AFB84C0E237}.Debug|Any CPU.Build.0 = Debug|Any CPU
		{2D510028-34E4-4695-ABF8-6AFB84C0E237}.Release|Any CPU.ActiveCfg = Release|Any CPU
		{2D510028-34E4-4695-ABF8-6AFB84C0E237}.Release|Any CPU.Build.0 = Release|Any CPU
		{6E515459-6237-4229-960A-AE2242C48080}.Debug|Any CPU.ActiveCfg = Debug|Any CPU
		{6E515459-6237-4229-960A-AE2242C48080}.Debug|Any CPU.Build.0 = Debug|Any CPU
		{6E515459-6237-4229-960A-AE2242C48080}.Release|Any CPU.ActiveCfg = Release|Any CPU
		{6E515459-6237-4229-960A-AE2242C48080}.Release|Any CPU.Build.0 = Release|Any CPU
		{6E163BC2-86AD-4D45-8622-068C4C283EB1}.Debug|Any CPU.ActiveCfg = Debug|Any CPU
		{6E163BC2-86AD-4D45-8622-068C4C283EB1}.Debug|Any CPU.Build.0 = Debug|Any CPU
		{6E163BC2-86AD-4D45-8622-068C4C283EB1}.Release|Any CPU.ActiveCfg = Release|Any CPU
		{6E163BC2-86AD-4D45-8622-068C4C283EB1}.Release|Any CPU.Build.0 = Release|Any CPU
		{C7CDEBA6-EABC-4BEE-B8FE-FC1ABBA42443}.Debug|Any CPU.ActiveCfg = Debug|Any CPU
		{C7CDEBA6-EABC-4BEE-B8FE-FC1ABBA42443}.Debug|Any CPU.Build.0 = Debug|Any CPU
		{C7CDEBA6-EABC-4BEE-B8FE-FC1ABBA42443}.Release|Any CPU.ActiveCfg = Release|Any CPU
		{C7CDEBA6-EABC-4BEE-B8FE-FC1ABBA42443}.Release|Any CPU.Build.0 = Release|Any CPU
		{6C108FC3-D806-4E27-9687-BB1696E1D971}.Debug|Any CPU.ActiveCfg = Debug|Any CPU
		{6C108FC3-D806-4E27-9687-BB1696E1D971}.Debug|Any CPU.Build.0 = Debug|Any CPU
		{6C108FC3-D806-4E27-9687-BB1696E1D971}.Release|Any CPU.ActiveCfg = Release|Any CPU
		{6C108FC3-D806-4E27-9687-BB1696E1D971}.Release|Any CPU.Build.0 = Release|Any CPU
		{47132E86-A0DD-4A6A-B71E-BAA02DAEAEE2}.Debug|Any CPU.ActiveCfg = Debug|Any CPU
		{47132E86-A0DD-4A6A-B71E-BAA02DAEAEE2}.Debug|Any CPU.Build.0 = Debug|Any CPU
		{47132E86-A0DD-4A6A-B71E-BAA02DAEAEE2}.Release|Any CPU.ActiveCfg = Release|Any CPU
		{47132E86-A0DD-4A6A-B71E-BAA02DAEAEE2}.Release|Any CPU.Build.0 = Release|Any CPU
		{C90CA77E-9452-49CC-8339-83C8D9A93B0D}.Debug|Any CPU.ActiveCfg = Debug|Any CPU
		{C90CA77E-9452-49CC-8339-83C8D9A93B0D}.Debug|Any CPU.Build.0 = Debug|Any CPU
		{C90CA77E-9452-49CC-8339-83C8D9A93B0D}.Release|Any CPU.ActiveCfg = Release|Any CPU
		{C90CA77E-9452-49CC-8339-83C8D9A93B0D}.Release|Any CPU.Build.0 = Release|Any CPU
		{2D836BC1-8833-46DD-8764-C28B47742A7B}.Debug|Any CPU.ActiveCfg = Debug|Any CPU
		{2D836BC1-8833-46DD-8764-C28B47742A7B}.Debug|Any CPU.Build.0 = Debug|Any CPU
		{2D836BC1-8833-46DD-8764-C28B47742A7B}.Release|Any CPU.ActiveCfg = Release|Any CPU
		{2D836BC1-8833-46DD-8764-C28B47742A7B}.Release|Any CPU.Build.0 = Release|Any CPU
		{4701D436-B40B-4385-B14B-1757C6831138}.Debug|Any CPU.ActiveCfg = Debug|Any CPU
		{4701D436-B40B-4385-B14B-1757C6831138}.Debug|Any CPU.Build.0 = Debug|Any CPU
		{4701D436-B40B-4385-B14B-1757C6831138}.Release|Any CPU.ActiveCfg = Release|Any CPU
		{4701D436-B40B-4385-B14B-1757C6831138}.Release|Any CPU.Build.0 = Release|Any CPU
		{BE753267-49BA-4B16-8875-152227453171}.Debug|Any CPU.ActiveCfg = Debug|Any CPU
		{BE753267-49BA-4B16-8875-152227453171}.Debug|Any CPU.Build.0 = Debug|Any CPU
		{BE753267-49BA-4B16-8875-152227453171}.Release|Any CPU.ActiveCfg = Release|Any CPU
		{BE753267-49BA-4B16-8875-152227453171}.Release|Any CPU.Build.0 = Release|Any CPU
		{99FDE5BF-1734-48E0-A8E9-60B8F3EB44F8}.Debug|Any CPU.ActiveCfg = Debug|Any CPU
		{99FDE5BF-1734-48E0-A8E9-60B8F3EB44F8}.Debug|Any CPU.Build.0 = Debug|Any CPU
		{99FDE5BF-1734-48E0-A8E9-60B8F3EB44F8}.Release|Any CPU.ActiveCfg = Release|Any CPU
		{99FDE5BF-1734-48E0-A8E9-60B8F3EB44F8}.Release|Any CPU.Build.0 = Release|Any CPU
		{0C4CB2F3-1FDF-4C1D-85E3-8B8BF6A0CE60}.Debug|Any CPU.ActiveCfg = Debug|Any CPU
		{0C4CB2F3-1FDF-4C1D-85E3-8B8BF6A0CE60}.Debug|Any CPU.Build.0 = Debug|Any CPU
		{0C4CB2F3-1FDF-4C1D-85E3-8B8BF6A0CE60}.Release|Any CPU.ActiveCfg = Release|Any CPU
		{0C4CB2F3-1FDF-4C1D-85E3-8B8BF6A0CE60}.Release|Any CPU.Build.0 = Release|Any CPU
		{FF667CA6-B081-472E-8BEC-7EC698101431}.Debug|Any CPU.ActiveCfg = Debug|Any CPU
		{FF667CA6-B081-472E-8BEC-7EC698101431}.Debug|Any CPU.Build.0 = Debug|Any CPU
		{FF667CA6-B081-472E-8BEC-7EC698101431}.Release|Any CPU.ActiveCfg = Release|Any CPU
		{FF667CA6-B081-472E-8BEC-7EC698101431}.Release|Any CPU.Build.0 = Release|Any CPU
		{B7774A47-73A5-4469-B669-EF383D6C8C71}.Debug|Any CPU.ActiveCfg = Debug|Any CPU
		{B7774A47-73A5-4469-B669-EF383D6C8C71}.Debug|Any CPU.Build.0 = Debug|Any CPU
		{B7774A47-73A5-4469-B669-EF383D6C8C71}.Release|Any CPU.ActiveCfg = Release|Any CPU
		{B7774A47-73A5-4469-B669-EF383D6C8C71}.Release|Any CPU.Build.0 = Release|Any CPU
		{2E4F35FC-260E-4062-864F-681485505878}.Debug|Any CPU.ActiveCfg = Debug|Any CPU
		{2E4F35FC-260E-4062-864F-681485505878}.Debug|Any CPU.Build.0 = Debug|Any CPU
		{2E4F35FC-260E-4062-864F-681485505878}.Release|Any CPU.ActiveCfg = Release|Any CPU
		{2E4F35FC-260E-4062-864F-681485505878}.Release|Any CPU.Build.0 = Release|Any CPU
	EndGlobalSection
	GlobalSection(SolutionProperties) = preSolution
		HideSolutionNode = FALSE
	EndGlobalSection
	GlobalSection(NestedProjects) = preSolution
		{84A9A439-6657-45F6-98A2-10619F0F3510} = {E1B6CC8D-0A6B-4EAE-8528-8867E7DC0880}
		{13B4E402-51D4-4AFF-89BD-3A2873E76430} = {E1B6CC8D-0A6B-4EAE-8528-8867E7DC0880}
		{10076251-F3EF-4BF3-9461-3B9BCD573CF7} = {E1B6CC8D-0A6B-4EAE-8528-8867E7DC0880}
		{3D02EA68-A439-4339-8CF7-94CF1F7DECE4} = {695D06BB-B709-4B10-BB66-486C51BB5DD7}
		{BAE30ABA-7A7C-4F4C-89D9-1E5ED5BEE3BD} = {695D06BB-B709-4B10-BB66-486C51BB5DD7}
		{4C43AA85-9CCB-4FC1-881C-5571685C8244} = {695D06BB-B709-4B10-BB66-486C51BB5DD7}
		{0DDCFFDB-8659-4EC9-ABB2-E9A2C590CEF2} = {FC030B07-5695-4447-BC43-AB469DFF0433}
		{17F9E4E9-7547-441D-B21E-F3753ACD2F0D} = {FC030B07-5695-4447-BC43-AB469DFF0433}
		{BBF95B41-6683-41B5-8A73-3057AA357E60} = {FC030B07-5695-4447-BC43-AB469DFF0433}
		{BC3549EB-878A-45A8-BCC5-89FA1F67E64A} = {7140CFD2-72A2-4252-A7D8-7269B2ACB747}
		{F270C58B-9089-4DDA-9F1D-E97854CF5B54} = {7140CFD2-72A2-4252-A7D8-7269B2ACB747}
		{D73D879E-760F-4247-A8D5-C7B78A587829} = {7140CFD2-72A2-4252-A7D8-7269B2ACB747}
		{2D510028-34E4-4695-ABF8-6AFB84C0E237} = {1BBCF8FB-795E-4DA6-8411-5BF359F2A356}
		{6E515459-6237-4229-960A-AE2242C48080} = {1BBCF8FB-795E-4DA6-8411-5BF359F2A356}
		{6E163BC2-86AD-4D45-8622-068C4C283EB1} = {1BBCF8FB-795E-4DA6-8411-5BF359F2A356}
		{C7CDEBA6-EABC-4BEE-B8FE-FC1ABBA42443} = {C8D3D244-B76D-4B7B-8821-E612F087B1B9}
		{6C108FC3-D806-4E27-9687-BB1696E1D971} = {C8D3D244-B76D-4B7B-8821-E612F087B1B9}
		{47132E86-A0DD-4A6A-B71E-BAA02DAEAEE2} = {C8D3D244-B76D-4B7B-8821-E612F087B1B9}
		{C90CA77E-9452-49CC-8339-83C8D9A93B0D} = {7CDA95B2-C110-4E44-9E6B-8B5CAEFCE8C7}
		{2D836BC1-8833-46DD-8764-C28B47742A7B} = {7CDA95B2-C110-4E44-9E6B-8B5CAEFCE8C7}
		{4701D436-B40B-4385-B14B-1757C6831138} = {7CDA95B2-C110-4E44-9E6B-8B5CAEFCE8C7}
		{BE753267-49BA-4B16-8875-152227453171} = {E8739D47-A250-4A38-94F6-9B8040C87ACB}
		{99FDE5BF-1734-48E0-A8E9-60B8F3EB44F8} = {E8739D47-A250-4A38-94F6-9B8040C87ACB}
		{0C4CB2F3-1FDF-4C1D-85E3-8B8BF6A0CE60} = {E8739D47-A250-4A38-94F6-9B8040C87ACB}
		{FF667CA6-B081-472E-8BEC-7EC698101431} = {A9084D36-469A-422A-8B93-CBF6D4BE515D}
		{B7774A47-73A5-4469-B669-EF383D6C8C71} = {A9084D36-469A-422A-8B93-CBF6D4BE515D}
		{2E4F35FC-260E-4062-864F-681485505878} = {A9084D36-469A-422A-8B93-CBF6D4BE515D}
	EndGlobalSection
	GlobalSection(ExtensibilityGlobals) = postSolution
		SolutionGuid = {5E1A30DF-7751-4552-BA7B-773335CF379A}
	EndGlobalSection
EndGlobal
